<?xml version="1.0" encoding="utf-8"?>
<Project ToolsVersion="4.0" xmlns="http://schemas.microsoft.com/developer/msbuild/2003">
  <ItemGroup>
    <Filter Include="Source Files">
      <UniqueIdentifier>{4FC737F1-C7A5-4376-A066-2A32D752A2FF}</UniqueIdentifier>
      <Extensions>cpp;c;cc;cxx;c++;cppm;ixx;def;odl;idl;hpj;bat;asm;asmx</Extensions>
    </Filter>
  </ItemGroup>
  <ItemGroup>
    <ClInclude Include="drivers\basesolver.hpp">
      <Filter>Source Files</Filter>
    </ClInclude>
    <ClInclude Include="drivers\drivensolver.hpp">
      <Filter>Source Files</Filter>
    </ClInclude>
    <ClInclude Include="drivers\eigensolver.hpp">
      <Filter>Source Files</Filter>
    </ClInclude>
    <ClInclude Include="drivers\electrostaticsolver.hpp">
      <Filter>Source Files</Filter>
    </ClInclude>
    <ClInclude Include="drivers\magnetostaticsolver.hpp">
      <Filter>Source Files</Filter>
    </ClInclude>
    <ClInclude Include="drivers\transientsolver.hpp">
      <Filter>Source Files</Filter>
    </ClInclude>
    <ClInclude Include="fem\bilinearform.hpp">
      <Filter>Source Files</Filter>
    </ClInclude>
    <ClInclude Include="fem\coefficient.hpp">
      <Filter>Source Files</Filter>
    </ClInclude>
    <ClInclude Include="fem\errorindicator.hpp">
      <Filter>Source Files</Filter>
    </ClInclude>
    <ClInclude Include="fem\fespace.hpp">
      <Filter>Source Files</Filter>
    </ClInclude>
    <ClInclude Include="fem\integrator.hpp">
      <Filter>Source Files</Filter>
    </ClInclude>
    <ClInclude Include="fem\interpolator.hpp">
      <Filter>Source Files</Filter>
    </ClInclude>
    <ClInclude Include="fem\lumpedelement.hpp">
      <Filter>Source Files</Filter>
    </ClInclude>
    <ClInclude Include="fem\multigrid.hpp">
      <Filter>Source Files</Filter>
    </ClInclude>
    <ClInclude Include="fem\libceed\hash.hpp">
      <Filter>Source Files</Filter>
    </ClInclude>
    <ClInclude Include="fem\libceed\restriction.hpp">
      <Filter>Source Files</Filter>
    </ClInclude>
    <ClInclude Include="fem\qfunctions\curlcurl_qf.h">
      <Filter>Source Files</Filter>
    </ClInclude>
    <ClInclude Include="fem\qfunctions\curlcurlmass_qf.h">
      <Filter>Source Files</Filter>
    </ClInclude>
    <ClInclude Include="fem\qfunctions\diffusion_qf.h">
      <Filter>Source Files</Filter>
    </ClInclude>
    <ClInclude Include="fem\qfunctions\diffusionmass_qf.h">
      <Filter>Source Files</Filter>
    </ClInclude>
    <ClInclude Include="fem\qfunctions\divdiv_qf.h">
      <Filter>Source Files</Filter>
    </ClInclude>
    <ClInclude Include="fem\qfunctions\divdivmass_qf.h">
      <Filter>Source Files</Filter>
    </ClInclude>
    <ClInclude Include="fem\qfunctions\grad_qf.h">
      <Filter>Source Files</Filter>
    </ClInclude>
    <ClInclude Include="fem\qfunctions\hcurl_qf.h">
      <Filter>Source Files</Filter>
    </ClInclude>
    <ClInclude Include="fem\qfunctions\hcurlhdiv_qf.h">
      <Filter>Source Files</Filter>
    </ClInclude>
    <ClInclude Include="fem\qfunctions\hdiv_qf.h">
      <Filter>Source Files</Filter>
    </ClInclude>
    <ClInclude Include="fem\qfunctions\mass_qf.h">
      <Filter>Source Files</Filter>
    </ClInclude>
    <ClInclude Include="fem\qfunctions\vecfemass_qf.h">
      <Filter>Source Files</Filter>
    </ClInclude>
    <ClInclude Include="linalg\amg.hpp">
      <Filter>Source Files</Filter>
    </ClInclude>
    <ClInclude Include="linalg\ams.hpp">
      <Filter>Source Files</Filter>
    </ClInclude>
    <ClInclude Include="linalg\chebyshev.hpp">
      <Filter>Source Files</Filter>
    </ClInclude>
    <ClInclude Include="linalg\distrelaxation.hpp">
      <Filter>Source Files</Filter>
    </ClInclude>
    <ClInclude Include="linalg\divfree.hpp">
      <Filter>Source Files</Filter>
    </ClInclude>
    <ClInclude Include="linalg\eps.hpp">
      <Filter>Source Files</Filter>
    </ClInclude>
    <ClInclude Include="linalg\errorestimator.hpp">
      <Filter>Source Files</Filter>
    </ClInclude>
    <ClInclude Include="linalg\gmg.hpp">
      <Filter>Source Files</Filter>
    </ClInclude>
    <ClInclude Include="linalg\hcurl.hpp">
      <Filter>Source Files</Filter>
    </ClInclude>
    <ClInclude Include="linalg\iterative.hpp">
      <Filter>Source Files</Filter>
    </ClInclude>
    <ClInclude Include="linalg\jacobi.hpp">
      <Filter>Source Files</Filter>
    </ClInclude>
    <ClInclude Include="linalg\ksp.hpp">
      <Filter>Source Files</Filter>
    </ClInclude>
    <ClInclude Include="linalg\mumps.hpp">
      <Filter>Source Files</Filter>
    </ClInclude>
    <ClInclude Include="linalg\operator.hpp">
      <Filter>Source Files</Filter>
    </ClInclude>
    <ClInclude Include="linalg\orthog.hpp">
      <Filter>Source Files</Filter>
    </ClInclude>
    <ClInclude Include="linalg\petsc.hpp">
      <Filter>Source Files</Filter>
    </ClInclude>
    <ClInclude Include="linalg\rap.hpp">
      <Filter>Source Files</Filter>
    </ClInclude>
    <ClInclude Include="linalg\solver.hpp">
      <Filter>Source Files</Filter>
    </ClInclude>
    <ClInclude Include="linalg\strumpack.hpp">
      <Filter>Source Files</Filter>
    </ClInclude>
    <ClInclude Include="linalg\superlu.hpp">
      <Filter>Source Files</Filter>
    </ClInclude>
    <ClInclude Include="linalg\vector.hpp">
      <Filter>Source Files</Filter>
    </ClInclude>
    <ClInclude Include="models\curlcurloperator.hpp">
      <Filter>Source Files</Filter>
    </ClInclude>
    <ClInclude Include="models\domainpostoperator.hpp">
      <Filter>Source Files</Filter>
    </ClInclude>
    <ClInclude Include="models\farfieldboundaryoperator.hpp">
      <Filter>Source Files</Filter>
    </ClInclude>
    <ClInclude Include="models\laplaceoperator.hpp">
      <Filter>Source Files</Filter>
    </ClInclude>
    <ClInclude Include="models\lumpedportoperator.hpp">
      <Filter>Source Files</Filter>
    </ClInclude>
    <ClInclude Include="models\materialoperator.hpp">
      <Filter>Source Files</Filter>
    </ClInclude>
    <ClInclude Include="models\postoperator.hpp">
      <Filter>Source Files</Filter>
    </ClInclude>
    <ClInclude Include="models\romoperator.hpp">
      <Filter>Source Files</Filter>
    </ClInclude>
    <ClInclude Include="models\spaceoperator.hpp">
      <Filter>Source Files</Filter>
    </ClInclude>
    <ClInclude Include="models\surfaceconductivityoperator.hpp">
      <Filter>Source Files</Filter>
    </ClInclude>
    <ClInclude Include="models\surfacecurrentoperator.hpp">
      <Filter>Source Files</Filter>
    </ClInclude>
    <ClInclude Include="models\surfaceimpedanceoperator.hpp">
      <Filter>Source Files</Filter>
    </ClInclude>
    <ClInclude Include="models\surfacepostoperator.hpp">
      <Filter>Source Files</Filter>
    </ClInclude>
    <ClInclude Include="models\timeoperator.hpp">
      <Filter>Source Files</Filter>
    </ClInclude>
    <ClInclude Include="models\waveportoperator.hpp">
      <Filter>Source Files</Filter>
    </ClInclude>
    <ClInclude Include="utils\communication.hpp">
      <Filter>Source Files</Filter>
    </ClInclude>
    <ClInclude Include="utils\configfile.hpp">
      <Filter>Source Files</Filter>
    </ClInclude>
    <ClInclude Include="utils\constants.hpp">
      <Filter>Source Files</Filter>
    </ClInclude>
    <ClInclude Include="utils\excitations.hpp">
      <Filter>Source Files</Filter>
    </ClInclude>
    <ClInclude Include="utils\filesystem.hpp">
      <Filter>Source Files</Filter>
    </ClInclude>
    <ClInclude Include="utils\geodata.hpp">
      <Filter>Source Files</Filter>
    </ClInclude>
    <ClInclude Include="utils\iodata.hpp">
      <Filter>Source Files</Filter>
    </ClInclude>
    <ClInclude Include="utils\meshio.hpp">
      <Filter>Source Files</Filter>
    </ClInclude>
    <ClInclude Include="utils\omp.hpp">
      <Filter>Source Files</Filter>
    </ClInclude>
    <ClInclude Include="utils\prettyprint.hpp">
      <Filter>Source Files</Filter>
    </ClInclude>
    <ClInclude Include="utils\timer.hpp">
      <Filter>Source Files</Filter>
    </ClInclude>
    <ClInclude Include="utils\zlib.hpp">
      <Filter>Source Files</Filter>
    </ClInclude>
    <ClInclude Include="linalg\slepc.hpp">
      <Filter>Source Files</Filter>
    </ClInclude>
    <ClInclude Include="fem\libceed\operator.hpp">
      <Filter>Source Files</Filter>
    </ClInclude>
    <ClInclude Include="utils\dorfler.hpp">
      <Filter>Source Files</Filter>
    </ClInclude>
    <ClInclude Include="utils\diagnostic.hpp">
      <Filter>Source Files</Filter>
    </ClInclude>
    <ClInclude Include="fem\libceed\basis.hpp">
      <Filter>Source Files</Filter>
    </ClInclude>
    <ClInclude Include="fem\libceed\ceed.hpp">
      <Filter>Source Files</Filter>
    </ClInclude>
    <ClInclude Include="utils\device.hpp" />
    <ClInclude Include="utils\tablecsv.hpp">
      <Filter>Source Files</Filter>
    </ClInclude>
    <ClInclude Include="fem\mesh.hpp">
      <Filter>Source Files</Filter>
    </ClInclude>
    <ClInclude Include="linalg\floquetcorrection.hpp">
      <Filter>Source Files</Filter>
    </ClInclude>
    <ClInclude Include="models\portexcitations.hpp">
      <Filter>Source Files</Filter>
    </ClInclude>
    <ClInclude Include="linalg\nleps.hpp">
      <Filter>Source Files</Filter>
    </ClInclude>
    <ClInclude Include="models\postoperatorcsv.hpp" />
    <ClInclude Include="models\strattonchu.hpp" />
    <ClInclude Include="fem\gridfunction.hpp">
      <Filter>Source Files</Filter>
    </ClInclude>
    <ClInclude Include="fem\libceed\libceed_integrator.hpp">
      <Filter>Source Files</Filter>
    </ClInclude>
    <ClInclude Include="linalg\hypre.hpp" />
    <ClInclude Include="linalg\densematrix.hpp">
      <Filter>Source Files</Filter>
    </ClInclude>
    <ClInclude Include="fem\libceed\libceed_coefficient.hpp">
      <Filter>Source Files</Filter>
    </ClInclude>
  </ItemGroup>
  <ItemGroup>
    <ClCompile Include="drivers\basesolver.cpp">
      <Filter>Source Files</Filter>
    </ClCompile>
    <ClCompile Include="drivers\drivensolver.cpp">
      <Filter>Source Files</Filter>
    </ClCompile>
    <ClCompile Include="drivers\eigensolver.cpp">
      <Filter>Source Files</Filter>
    </ClCompile>
    <ClCompile Include="drivers\electrostaticsolver.cpp">
      <Filter>Source Files</Filter>
    </ClCompile>
    <ClCompile Include="drivers\magnetostaticsolver.cpp">
      <Filter>Source Files</Filter>
    </ClCompile>
    <ClCompile Include="drivers\transientsolver.cpp">
      <Filter>Source Files</Filter>
    </ClCompile>
    <ClCompile Include="fem\bilinearform.cpp">
      <Filter>Source Files</Filter>
    </ClCompile>
    <ClCompile Include="fem\coefficient.cpp">
      <Filter>Source Files</Filter>
    </ClCompile>
    <ClCompile Include="fem\errorindicator.cpp">
      <Filter>Source Files</Filter>
    </ClCompile>
    <ClCompile Include="fem\fespace.cpp">
      <Filter>Source Files</Filter>
    </ClCompile>
    <ClCompile Include="fem\interpolator.cpp">
      <Filter>Source Files</Filter>
    </ClCompile>
    <ClCompile Include="fem\lumpedelement.cpp">
      <Filter>Source Files</Filter>
    </ClCompile>
    <ClCompile Include="fem\integ\curlcurl.cpp">
      <Filter>Source Files</Filter>
    </ClCompile>
    <ClCompile Include="fem\integ\curlcurlmass.cpp">
      <Filter>Source Files</Filter>
    </ClCompile>
    <ClCompile Include="fem\integ\diffusion.cpp">
      <Filter>Source Files</Filter>
    </ClCompile>
    <ClCompile Include="fem\integ\diffusionmass.cpp">
      <Filter>Source Files</Filter>
    </ClCompile>
    <ClCompile Include="fem\integ\divdiv.cpp">
      <Filter>Source Files</Filter>
    </ClCompile>
    <ClCompile Include="fem\integ\divdivmass.cpp">
      <Filter>Source Files</Filter>
    </ClCompile>
    <ClCompile Include="fem\integ\grad.cpp">
      <Filter>Source Files</Filter>
    </ClCompile>
    <ClCompile Include="fem\integ\mass.cpp">
      <Filter>Source Files</Filter>
    </ClCompile>
    <ClCompile Include="fem\integ\mixedveccurl.cpp">
      <Filter>Source Files</Filter>
    </ClCompile>
    <ClCompile Include="fem\integ\mixedvecgrad.cpp">
      <Filter>Source Files</Filter>
    </ClCompile>
    <ClCompile Include="fem\integ\vecfemass.cpp">
      <Filter>Source Files</Filter>
    </ClCompile>
    <ClCompile Include="fem\libceed\restriction.cpp">
      <Filter>Source Files</Filter>
    </ClCompile>
    <ClCompile Include="linalg\amg.cpp">
      <Filter>Source Files</Filter>
    </ClCompile>
    <ClCompile Include="linalg\ams.cpp">
      <Filter>Source Files</Filter>
    </ClCompile>
    <ClCompile Include="linalg\chebyshev.cpp">
      <Filter>Source Files</Filter>
    </ClCompile>
    <ClCompile Include="linalg\distrelaxation.cpp">
      <Filter>Source Files</Filter>
    </ClCompile>
    <ClCompile Include="linalg\divfree.cpp">
      <Filter>Source Files</Filter>
    </ClCompile>
    <ClCompile Include="linalg\errorestimator.cpp">
      <Filter>Source Files</Filter>
    </ClCompile>
    <ClCompile Include="linalg\gmg.cpp">
      <Filter>Source Files</Filter>
    </ClCompile>
    <ClCompile Include="linalg\hcurl.cpp">
      <Filter>Source Files</Filter>
    </ClCompile>
    <ClCompile Include="linalg\iterative.cpp">
      <Filter>Source Files</Filter>
    </ClCompile>
    <ClCompile Include="linalg\jacobi.cpp">
      <Filter>Source Files</Filter>
    </ClCompile>
    <ClCompile Include="linalg\ksp.cpp">
      <Filter>Source Files</Filter>
    </ClCompile>
    <ClCompile Include="linalg\mumps.cpp">
      <Filter>Source Files</Filter>
    </ClCompile>
    <ClCompile Include="linalg\operator.cpp">
      <Filter>Source Files</Filter>
    </ClCompile>
    <ClCompile Include="linalg\rap.cpp">
      <Filter>Source Files</Filter>
    </ClCompile>
    <ClCompile Include="linalg\solver.cpp">
      <Filter>Source Files</Filter>
    </ClCompile>
    <ClCompile Include="linalg\strumpack.cpp">
      <Filter>Source Files</Filter>
    </ClCompile>
    <ClCompile Include="linalg\superlu.cpp">
      <Filter>Source Files</Filter>
    </ClCompile>
    <ClCompile Include="linalg\vector.cpp">
      <Filter>Source Files</Filter>
    </ClCompile>
    <ClCompile Include="models\curlcurloperator.cpp">
      <Filter>Source Files</Filter>
    </ClCompile>
    <ClCompile Include="models\domainpostoperator.cpp">
      <Filter>Source Files</Filter>
    </ClCompile>
    <ClCompile Include="models\farfieldboundaryoperator.cpp">
      <Filter>Source Files</Filter>
    </ClCompile>
    <ClCompile Include="models\laplaceoperator.cpp">
      <Filter>Source Files</Filter>
    </ClCompile>
    <ClCompile Include="models\lumpedportoperator.cpp">
      <Filter>Source Files</Filter>
    </ClCompile>
    <ClCompile Include="models\materialoperator.cpp">
      <Filter>Source Files</Filter>
    </ClCompile>
    <ClCompile Include="models\postoperator.cpp">
      <Filter>Source Files</Filter>
    </ClCompile>
    <ClCompile Include="models\romoperator.cpp">
      <Filter>Source Files</Filter>
    </ClCompile>
    <ClCompile Include="models\spaceoperator.cpp">
      <Filter>Source Files</Filter>
    </ClCompile>
    <ClCompile Include="models\surfaceconductivityoperator.cpp">
      <Filter>Source Files</Filter>
    </ClCompile>
    <ClCompile Include="models\surfacecurrentoperator.cpp">
      <Filter>Source Files</Filter>
    </ClCompile>
    <ClCompile Include="models\surfaceimpedanceoperator.cpp">
      <Filter>Source Files</Filter>
    </ClCompile>
    <ClCompile Include="models\surfacepostoperator.cpp">
      <Filter>Source Files</Filter>
    </ClCompile>
    <ClCompile Include="models\timeoperator.cpp">
      <Filter>Source Files</Filter>
    </ClCompile>
    <ClCompile Include="models\waveportoperator.cpp">
      <Filter>Source Files</Filter>
    </ClCompile>
    <ClCompile Include="utils\configfile.cpp">
      <Filter>Source Files</Filter>
    </ClCompile>
    <ClCompile Include="utils\geodata.cpp">
      <Filter>Source Files</Filter>
    </ClCompile>
    <ClCompile Include="utils\iodata.cpp">
      <Filter>Source Files</Filter>
    </ClCompile>
    <ClCompile Include="utils\meshio.cpp">
      <Filter>Source Files</Filter>
    </ClCompile>
    <ClCompile Include="fem\libceed\basis.cpp">
      <Filter>Source Files</Filter>
    </ClCompile>
    <ClCompile Include="linalg\arpack.cpp">
      <Filter>Source Files</Filter>
    </ClCompile>
    <ClCompile Include="linalg\slepc.cpp">
      <Filter>Source Files</Filter>
    </ClCompile>
    <ClCompile Include="fem\libceed\operator.cpp">
      <Filter>Source Files</Filter>
    </ClCompile>
    <ClCompile Include="utils\dorfler.cpp">
      <Filter>Source Files</Filter>
    </ClCompile>
    <ClCompile Include="fem\libceed\ceed.cpp">
      <Filter>Source Files</Filter>
    </ClCompile>
    <ClCompile Include="utils\device.cpp">
      <Filter>Source Files</Filter>
    </ClCompile>
    <ClCompile Include="utils\geodata_impl.cpp">
      <Filter>Source Files</Filter>
    </ClCompile>
    <ClCompile Include="utils\tablecsv.cpp">
      <Filter>Source Files</Filter>
    </ClCompile>
    <ClCompile Include="utils\omp.cpp">
      <Filter>Source Files</Filter>
    </ClCompile>
    <ClCompile Include="fem\mesh.cpp">
      <Filter>Source Files</Filter>
    </ClCompile>
    <ClCompile Include="linalg\floquetcorrection.cpp">
      <Filter>Source Files</Filter>
    </ClCompile>
    <ClCompile Include="models\portexcitations.cpp">
      <Filter>Source Files</Filter>
    </ClCompile>
    <ClCompile Include="linalg\nleps.cpp">
      <Filter>Source Files</Filter>
    </ClCompile>
    <ClCompile Include="models\postoperatorcsv.cpp">
      <Filter>Source Files</Filter>
    </ClCompile>
    <ClCompile Include="models\strattonchu.cpp">
      <Filter>Source Files</Filter>
    </ClCompile>
    <ClCompile Include="fem\gridfunction.cpp">
      <Filter>Source Files</Filter>
    </ClCompile>
    <ClCompile Include="fem\libceed\libceed_integrator.cpp">
      <Filter>Source Files</Filter>
    </ClCompile>
    <ClCompile Include="linalg\hypre.cpp">
      <Filter>Source Files</Filter>
    </ClCompile>
    <ClCompile Include="fem\integrator.cpp">
      <Filter>Source Files</Filter>
    </ClCompile>
    <ClCompile Include="linalg\densematrix.cpp">
      <Filter>Source Files</Filter>
    </ClCompile>
    <ClCompile Include="fem\libceed\libceed_coefficient.cpp">
      <Filter>Source Files</Filter>
    </ClCompile>
  </ItemGroup>
</Project>